
Microsoft Visual Studio Solution File, Format Version 12.00
# Visual Studio 14
VisualStudioVersion = 14.0.25420.1
MinimumVisualStudioVersion = 10.0.40219.1
Project("{FAE04EC0-301F-11D3-BF4B-00C04F79EFBC}") = "Cats", "Cats\Cats\Cats.csproj", "{16636B30-DBC1-4BB3-81C3-823A767C2CDB}"
EndProject
Project("{FAE04EC0-301F-11D3-BF4B-00C04F79EFBC}") = "Cats.Droid", "Cats\Cats.Droid\Cats.Droid.csproj", "{DD3C13F2-B161-4C57-A0C8-8B8D142F16E4}"
EndProject
Project("{FAE04EC0-301F-11D3-BF4B-00C04F79EFBC}") = "Cats.iOS", "Cats\Cats.iOS\Cats.iOS.csproj", "{E4D6D2DE-58EA-47AA-90CC-0B30FD504EED}"
EndProject
Project("{FAE04EC0-301F-11D3-BF4B-00C04F79EFBC}") = "Cats.WinPhone", "Cats\Cats.WinPhone\Cats.WinPhone.csproj", "{5B33FB50-DEDC-467B-A75C-293933CD2A3E}"
EndProject
Project("{FAE04EC0-301F-11D3-BF4B-00C04F79EFBC}") = "Cats.UWP", "Cats\Cats.UWP\Cats.UWP.csproj", "{C9B82D6E-1831-466F-A2D3-0FBC5AA5B0D0}"
EndProject
Project("{FAE04EC0-301F-11D3-BF4B-00C04F79EFBC}") = "Cats.Windows", "Cats\Cats.Windows\Cats.Windows.csproj", "{552BFD42-99DE-4B05-8BB8-D2EBDDEABA1C}"
EndProject
Global
	GlobalSection(SolutionConfigurationPlatforms) = preSolution
		Ad-Hoc|Any CPU = Ad-Hoc|Any CPU
		Ad-Hoc|ARM = Ad-Hoc|ARM
		Ad-Hoc|iPhone = Ad-Hoc|iPhone
		Ad-Hoc|iPhoneSimulator = Ad-Hoc|iPhoneSimulator
		Ad-Hoc|x64 = Ad-Hoc|x64
		Ad-Hoc|x86 = Ad-Hoc|x86
		AppStore|Any CPU = AppStore|Any CPU
		AppStore|ARM = AppStore|ARM
		AppStore|iPhone = AppStore|iPhone
		AppStore|iPhoneSimulator = AppStore|iPhoneSimulator
		AppStore|x64 = AppStore|x64
		AppStore|x86 = AppStore|x86
		Debug|Any CPU = Debug|Any CPU
		Debug|ARM = Debug|ARM
		Debug|iPhone = Debug|iPhone
		Debug|iPhoneSimulator = Debug|iPhoneSimulator
		Debug|x64 = Debug|x64
		Debug|x86 = Debug|x86
		Release|Any CPU = Release|Any CPU
		Release|ARM = Release|ARM
		Release|iPhone = Release|iPhone
		Release|iPhoneSimulator = Release|iPhoneSimulator
		Release|x64 = Release|x64
		Release|x86 = Release|x86
	EndGlobalSection
	GlobalSection(ProjectConfigurationPlatforms) = postSolution
		{16636B30-DBC1-4BB3-81C3-823A767C2CDB}.Ad-Hoc|Any CPU.ActiveCfg = Release|Any CPU
		{16636B30-DBC1-4BB3-81C3-823A767C2CDB}.Ad-Hoc|Any CPU.Build.0 = Release|Any CPU
		{16636B30-DBC1-4BB3-81C3-823A767C2CDB}.Ad-Hoc|ARM.ActiveCfg = Release|Any CPU
		{16636B30-DBC1-4BB3-81C3-823A767C2CDB}.Ad-Hoc|ARM.Build.0 = Release|Any CPU
		{16636B30-DBC1-4BB3-81C3-823A767C2CDB}.Ad-Hoc|iPhone.ActiveCfg = Release|Any CPU
		{16636B30-DBC1-4BB3-81C3-823A767C2CDB}.Ad-Hoc|iPhone.Build.0 = Release|Any CPU
		{16636B30-DBC1-4BB3-81C3-823A767C2CDB}.Ad-Hoc|iPhoneSimulator.ActiveCfg = Release|Any CPU
		{16636B30-DBC1-4BB3-81C3-823A767C2CDB}.Ad-Hoc|iPhoneSimulator.Build.0 = Release|Any CPU
		{16636B30-DBC1-4BB3-81C3-823A767C2CDB}.Ad-Hoc|x64.ActiveCfg = Release|Any CPU
		{16636B30-DBC1-4BB3-81C3-823A767C2CDB}.Ad-Hoc|x64.Build.0 = Release|Any CPU
		{16636B30-DBC1-4BB3-81C3-823A767C2CDB}.Ad-Hoc|x86.ActiveCfg = Release|Any CPU
		{16636B30-DBC1-4BB3-81C3-823A767C2CDB}.Ad-Hoc|x86.Build.0 = Release|Any CPU
		{16636B30-DBC1-4BB3-81C3-823A767C2CDB}.AppStore|Any CPU.ActiveCfg = Release|Any CPU
		{16636B30-DBC1-4BB3-81C3-823A767C2CDB}.AppStore|Any CPU.Build.0 = Release|Any CPU
		{16636B30-DBC1-4BB3-81C3-823A767C2CDB}.AppStore|ARM.ActiveCfg = Release|Any CPU
		{16636B30-DBC1-4BB3-81C3-823A767C2CDB}.AppStore|ARM.Build.0 = Release|Any CPU
		{16636B30-DBC1-4BB3-81C3-823A767C2CDB}.AppStore|iPhone.ActiveCfg = Release|Any CPU
		{16636B30-DBC1-4BB3-81C3-823A767C2CDB}.AppStore|iPhone.Build.0 = Release|Any CPU
		{16636B30-DBC1-4BB3-81C3-823A767C2CDB}.AppStore|iPhoneSimulator.ActiveCfg = Release|Any CPU
		{16636B30-DBC1-4BB3-81C3-823A767C2CDB}.AppStore|iPhoneSimulator.Build.0 = Release|Any CPU
		{16636B30-DBC1-4BB3-81C3-823A767C2CDB}.AppStore|x64.ActiveCfg = Release|Any CPU
		{16636B30-DBC1-4BB3-81C3-823A767C2CDB}.AppStore|x64.Build.0 = Release|Any CPU
		{16636B30-DBC1-4BB3-81C3-823A767C2CDB}.AppStore|x86.ActiveCfg = Release|Any CPU
		{16636B30-DBC1-4BB3-81C3-823A767C2CDB}.AppStore|x86.Build.0 = Release|Any CPU
		{16636B30-DBC1-4BB3-81C3-823A767C2CDB}.Debug|Any CPU.ActiveCfg = Debug|Any CPU
		{16636B30-DBC1-4BB3-81C3-823A767C2CDB}.Debug|Any CPU.Build.0 = Debug|Any CPU
		{16636B30-DBC1-4BB3-81C3-823A767C2CDB}.Debug|ARM.ActiveCfg = Debug|Any CPU
		{16636B30-DBC1-4BB3-81C3-823A767C2CDB}.Debug|ARM.Build.0 = Debug|Any CPU
		{16636B30-DBC1-4BB3-81C3-823A767C2CDB}.Debug|iPhone.ActiveCfg = Debug|Any CPU
		{16636B30-DBC1-4BB3-81C3-823A767C2CDB}.Debug|iPhone.Build.0 = Debug|Any CPU
		{16636B30-DBC1-4BB3-81C3-823A767C2CDB}.Debug|iPhoneSimulator.ActiveCfg = Debug|Any CPU
		{16636B30-DBC1-4BB3-81C3-823A767C2CDB}.Debug|iPhoneSimulator.Build.0 = Debug|Any CPU
		{16636B30-DBC1-4BB3-81C3-823A767C2CDB}.Debug|x64.ActiveCfg = Debug|Any CPU
		{16636B30-DBC1-4BB3-81C3-823A767C2CDB}.Debug|x64.Build.0 = Debug|Any CPU
		{16636B30-DBC1-4BB3-81C3-823A767C2CDB}.Debug|x86.ActiveCfg = Debug|Any CPU
		{16636B30-DBC1-4BB3-81C3-823A767C2CDB}.Debug|x86.Build.0 = Debug|Any CPU
		{16636B30-DBC1-4BB3-81C3-823A767C2CDB}.Release|Any CPU.ActiveCfg = Release|Any CPU
		{16636B30-DBC1-4BB3-81C3-823A767C2CDB}.Release|Any CPU.Build.0 = Release|Any CPU
		{16636B30-DBC1-4BB3-81C3-823A767C2CDB}.Release|ARM.ActiveCfg = Release|Any CPU
		{16636B30-DBC1-4BB3-81C3-823A767C2CDB}.Release|ARM.Build.0 = Release|Any CPU
		{16636B30-DBC1-4BB3-81C3-823A767C2CDB}.Release|iPhone.ActiveCfg = Release|Any CPU
		{16636B30-DBC1-4BB3-81C3-823A767C2CDB}.Release|iPhone.Build.0 = Release|Any CPU
		{16636B30-DBC1-4BB3-81C3-823A767C2CDB}.Release|iPhoneSimulator.ActiveCfg = Release|Any CPU
		{16636B30-DBC1-4BB3-81C3-823A767C2CDB}.Release|iPhoneSimulator.Build.0 = Release|Any CPU
		{16636B30-DBC1-4BB3-81C3-823A767C2CDB}.Release|x64.ActiveCfg = Release|Any CPU
		{16636B30-DBC1-4BB3-81C3-823A767C2CDB}.Release|x64.Build.0 = Release|Any CPU
		{16636B30-DBC1-4BB3-81C3-823A767C2CDB}.Release|x86.ActiveCfg = Release|Any CPU
		{16636B30-DBC1-4BB3-81C3-823A767C2CDB}.Release|x86.Build.0 = Release|Any CPU
		{DD3C13F2-B161-4C57-A0C8-8B8D142F16E4}.Ad-Hoc|Any CPU.ActiveCfg = Release|Any CPU
		{DD3C13F2-B161-4C57-A0C8-8B8D142F16E4}.Ad-Hoc|Any CPU.Build.0 = Release|Any CPU
		{DD3C13F2-B161-4C57-A0C8-8B8D142F16E4}.Ad-Hoc|Any CPU.Deploy.0 = Release|Any CPU
		{DD3C13F2-B161-4C57-A0C8-8B8D142F16E4}.Ad-Hoc|ARM.ActiveCfg = Release|Any CPU
		{DD3C13F2-B161-4C57-A0C8-8B8D142F16E4}.Ad-Hoc|ARM.Build.0 = Release|Any CPU
		{DD3C13F2-B161-4C57-A0C8-8B8D142F16E4}.Ad-Hoc|ARM.Deploy.0 = Release|Any CPU
		{DD3C13F2-B161-4C57-A0C8-8B8D142F16E4}.Ad-Hoc|iPhone.ActiveCfg = Release|Any CPU
		{DD3C13F2-B161-4C57-A0C8-8B8D142F16E4}.Ad-Hoc|iPhone.Build.0 = Release|Any CPU
		{DD3C13F2-B161-4C57-A0C8-8B8D142F16E4}.Ad-Hoc|iPhone.Deploy.0 = Release|Any CPU
		{DD3C13F2-B161-4C57-A0C8-8B8D142F16E4}.Ad-Hoc|iPhoneSimulator.ActiveCfg = Release|Any CPU
		{DD3C13F2-B161-4C57-A0C8-8B8D142F16E4}.Ad-Hoc|iPhoneSimulator.Build.0 = Release|Any CPU
		{DD3C13F2-B161-4C57-A0C8-8B8D142F16E4}.Ad-Hoc|iPhoneSimulator.Deploy.0 = Release|Any CPU
		{DD3C13F2-B161-4C57-A0C8-8B8D142F16E4}.Ad-Hoc|x64.ActiveCfg = Release|Any CPU
		{DD3C13F2-B161-4C57-A0C8-8B8D142F16E4}.Ad-Hoc|x64.Build.0 = Release|Any CPU
		{DD3C13F2-B161-4C57-A0C8-8B8D142F16E4}.Ad-Hoc|x64.Deploy.0 = Release|Any CPU
		{DD3C13F2-B161-4C57-A0C8-8B8D142F16E4}.Ad-Hoc|x86.ActiveCfg = Release|Any CPU
		{DD3C13F2-B161-4C57-A0C8-8B8D142F16E4}.Ad-Hoc|x86.Build.0 = Release|Any CPU
		{DD3C13F2-B161-4C57-A0C8-8B8D142F16E4}.Ad-Hoc|x86.Deploy.0 = Release|Any CPU
		{DD3C13F2-B161-4C57-A0C8-8B8D142F16E4}.AppStore|Any CPU.ActiveCfg = Release|Any CPU
		{DD3C13F2-B161-4C57-A0C8-8B8D142F16E4}.AppStore|Any CPU.Build.0 = Release|Any CPU
		{DD3C13F2-B161-4C57-A0C8-8B8D142F16E4}.AppStore|Any CPU.Deploy.0 = Release|Any CPU
		{DD3C13F2-B161-4C57-A0C8-8B8D142F16E4}.AppStore|ARM.ActiveCfg = Release|Any CPU
		{DD3C13F2-B161-4C57-A0C8-8B8D142F16E4}.AppStore|ARM.Build.0 = Release|Any CPU
		{DD3C13F2-B161-4C57-A0C8-8B8D142F16E4}.AppStore|ARM.Deploy.0 = Release|Any CPU
		{DD3C13F2-B161-4C57-A0C8-8B8D142F16E4}.AppStore|iPhone.ActiveCfg = Release|Any CPU
		{DD3C13F2-B161-4C57-A0C8-8B8D142F16E4}.AppStore|iPhone.Build.0 = Release|Any CPU
		{DD3C13F2-B161-4C57-A0C8-8B8D142F16E4}.AppStore|iPhone.Deploy.0 = Release|Any CPU
		{DD3C13F2-B161-4C57-A0C8-8B8D142F16E4}.AppStore|iPhoneSimulator.ActiveCfg = Release|Any CPU
		{DD3C13F2-B161-4C57-A0C8-8B8D142F16E4}.AppStore|iPhoneSimulator.Build.0 = Release|Any CPU
		{DD3C13F2-B161-4C57-A0C8-8B8D142F16E4}.AppStore|iPhoneSimulator.Deploy.0 = Release|Any CPU
		{DD3C13F2-B161-4C57-A0C8-8B8D142F16E4}.AppStore|x64.ActiveCfg = Release|Any CPU
		{DD3C13F2-B161-4C57-A0C8-8B8D142F16E4}.AppStore|x64.Build.0 = Release|Any CPU
		{DD3C13F2-B161-4C57-A0C8-8B8D142F16E4}.AppStore|x64.Deploy.0 = Release|Any CPU
		{DD3C13F2-B161-4C57-A0C8-8B8D142F16E4}.AppStore|x86.ActiveCfg = Release|Any CPU
		{DD3C13F2-B161-4C57-A0C8-8B8D142F16E4}.AppStore|x86.Build.0 = Release|Any CPU
		{DD3C13F2-B161-4C57-A0C8-8B8D142F16E4}.AppStore|x86.Deploy.0 = Release|Any CPU
		{DD3C13F2-B161-4C57-A0C8-8B8D142F16E4}.Debug|Any CPU.ActiveCfg = Debug|Any CPU
		{DD3C13F2-B161-4C57-A0C8-8B8D142F16E4}.Debug|Any CPU.Build.0 = Debug|Any CPU
		{DD3C13F2-B161-4C57-A0C8-8B8D142F16E4}.Debug|Any CPU.Deploy.0 = Debug|Any CPU
		{DD3C13F2-B161-4C57-A0C8-8B8D142F16E4}.Debug|ARM.ActiveCfg = Debug|Any CPU
		{DD3C13F2-B161-4C57-A0C8-8B8D142F16E4}.Debug|ARM.Build.0 = Debug|Any CPU
		{DD3C13F2-B161-4C57-A0C8-8B8D142F16E4}.Debug|ARM.Deploy.0 = Debug|Any CPU
		{DD3C13F2-B161-4C57-A0C8-8B8D142F16E4}.Debug|iPhone.ActiveCfg = Debug|Any CPU
		{DD3C13F2-B161-4C57-A0C8-8B8D142F16E4}.Debug|iPhone.Build.0 = Debug|Any CPU
		{DD3C13F2-B161-4C57-A0C8-8B8D142F16E4}.Debug|iPhone.Deploy.0 = Debug|Any CPU
		{DD3C13F2-B161-4C57-A0C8-8B8D142F16E4}.Debug|iPhoneSimulator.ActiveCfg = Debug|Any CPU
		{DD3C13F2-B161-4C57-A0C8-8B8D142F16E4}.Debug|iPhoneSimulator.Build.0 = Debug|Any CPU
		{DD3C13F2-B161-4C57-A0C8-8B8D142F16E4}.Debug|iPhoneSimulator.Deploy.0 = Debug|Any CPU
		{DD3C13F2-B161-4C57-A0C8-8B8D142F16E4}.Debug|x64.ActiveCfg = Debug|Any CPU
		{DD3C13F2-B161-4C57-A0C8-8B8D142F16E4}.Debug|x64.Build.0 = Debug|Any CPU
		{DD3C13F2-B161-4C57-A0C8-8B8D142F16E4}.Debug|x64.Deploy.0 = Debug|Any CPU
		{DD3C13F2-B161-4C57-A0C8-8B8D142F16E4}.Debug|x86.ActiveCfg = Debug|Any CPU
		{DD3C13F2-B161-4C57-A0C8-8B8D142F16E4}.Debug|x86.Build.0 = Debug|Any CPU
		{DD3C13F2-B161-4C57-A0C8-8B8D142F16E4}.Debug|x86.Deploy.0 = Debug|Any CPU
		{DD3C13F2-B161-4C57-A0C8-8B8D142F16E4}.Release|Any CPU.ActiveCfg = Release|Any CPU
		{DD3C13F2-B161-4C57-A0C8-8B8D142F16E4}.Release|Any CPU.Build.0 = Release|Any CPU
		{DD3C13F2-B161-4C57-A0C8-8B8D142F16E4}.Release|Any CPU.Deploy.0 = Release|Any CPU
		{DD3C13F2-B161-4C57-A0C8-8B8D142F16E4}.Release|ARM.ActiveCfg = Release|Any CPU
		{DD3C13F2-B161-4C57-A0C8-8B8D142F16E4}.Release|ARM.Build.0 = Release|Any CPU
		{DD3C13F2-B161-4C57-A0C8-8B8D142F16E4}.Release|ARM.Deploy.0 = Release|Any CPU
		{DD3C13F2-B161-4C57-A0C8-8B8D142F16E4}.Release|iPhone.ActiveCfg = Release|Any CPU
		{DD3C13F2-B161-4C57-A0C8-8B8D142F16E4}.Release|iPhone.Build.0 = Release|Any CPU
		{DD3C13F2-B161-4C57-A0C8-8B8D142F16E4}.Release|iPhone.Deploy.0 = Release|Any CPU
		{DD3C13F2-B161-4C57-A0C8-8B8D142F16E4}.Release|iPhoneSimulator.ActiveCfg = Release|Any CPU
		{DD3C13F2-B161-4C57-A0C8-8B8D142F16E4}.Release|iPhoneSimulator.Build.0 = Release|Any CPU
		{DD3C13F2-B161-4C57-A0C8-8B8D142F16E4}.Release|iPhoneSimulator.Deploy.0 = Release|Any CPU
		{DD3C13F2-B161-4C57-A0C8-8B8D142F16E4}.Release|x64.ActiveCfg = Release|Any CPU
		{DD3C13F2-B161-4C57-A0C8-8B8D142F16E4}.Release|x64.Build.0 = Release|Any CPU
		{DD3C13F2-B161-4C57-A0C8-8B8D142F16E4}.Release|x64.Deploy.0 = Release|Any CPU
		{DD3C13F2-B161-4C57-A0C8-8B8D142F16E4}.Release|x86.ActiveCfg = Release|Any CPU
		{DD3C13F2-B161-4C57-A0C8-8B8D142F16E4}.Release|x86.Build.0 = Release|Any CPU
		{DD3C13F2-B161-4C57-A0C8-8B8D142F16E4}.Release|x86.Deploy.0 = Release|Any CPU
		{E4D6D2DE-58EA-47AA-90CC-0B30FD504EED}.Ad-Hoc|Any CPU.ActiveCfg = Ad-Hoc|iPhone
		{E4D6D2DE-58EA-47AA-90CC-0B30FD504EED}.Ad-Hoc|ARM.ActiveCfg = Ad-Hoc|iPhone
		{E4D6D2DE-58EA-47AA-90CC-0B30FD504EED}.Ad-Hoc|iPhone.ActiveCfg = Ad-Hoc|iPhone
		{E4D6D2DE-58EA-47AA-90CC-0B30FD504EED}.Ad-Hoc|iPhone.Build.0 = Ad-Hoc|iPhone
		{E4D6D2DE-58EA-47AA-90CC-0B30FD504EED}.Ad-Hoc|iPhoneSimulator.ActiveCfg = Ad-Hoc|iPhoneSimulator
		{E4D6D2DE-58EA-47AA-90CC-0B30FD504EED}.Ad-Hoc|iPhoneSimulator.Build.0 = Ad-Hoc|iPhoneSimulator
		{E4D6D2DE-58EA-47AA-90CC-0B30FD504EED}.Ad-Hoc|x64.ActiveCfg = Ad-Hoc|iPhone
		{E4D6D2DE-58EA-47AA-90CC-0B30FD504EED}.Ad-Hoc|x86.ActiveCfg = Ad-Hoc|iPhone
		{E4D6D2DE-58EA-47AA-90CC-0B30FD504EED}.AppStore|Any CPU.ActiveCfg = AppStore|iPhone
		{E4D6D2DE-58EA-47AA-90CC-0B30FD504EED}.AppStore|ARM.ActiveCfg = AppStore|iPhone
		{E4D6D2DE-58EA-47AA-90CC-0B30FD504EED}.AppStore|iPhone.ActiveCfg = AppStore|iPhone
		{E4D6D2DE-58EA-47AA-90CC-0B30FD504EED}.AppStore|iPhone.Build.0 = AppStore|iPhone
		{E4D6D2DE-58EA-47AA-90CC-0B30FD504EED}.AppStore|iPhoneSimulator.ActiveCfg = AppStore|iPhoneSimulator
		{E4D6D2DE-58EA-47AA-90CC-0B30FD504EED}.AppStore|iPhoneSimulator.Build.0 = AppStore|iPhoneSimulator
		{E4D6D2DE-58EA-47AA-90CC-0B30FD504EED}.AppStore|x64.ActiveCfg = AppStore|iPhone
		{E4D6D2DE-58EA-47AA-90CC-0B30FD504EED}.AppStore|x86.ActiveCfg = AppStore|iPhone
		{E4D6D2DE-58EA-47AA-90CC-0B30FD504EED}.Debug|Any CPU.ActiveCfg = Debug|iPhone
		{E4D6D2DE-58EA-47AA-90CC-0B30FD504EED}.Debug|ARM.ActiveCfg = Debug|iPhone
		{E4D6D2DE-58EA-47AA-90CC-0B30FD504EED}.Debug|iPhone.ActiveCfg = Debug|iPhone
		{E4D6D2DE-58EA-47AA-90CC-0B30FD504EED}.Debug|iPhone.Build.0 = Debug|iPhone
		{E4D6D2DE-58EA-47AA-90CC-0B30FD504EED}.Debug|iPhoneSimulator.ActiveCfg = Debug|iPhoneSimulator
		{E4D6D2DE-58EA-47AA-90CC-0B30FD504EED}.Debug|iPhoneSimulator.Build.0 = Debug|iPhoneSimulator
		{E4D6D2DE-58EA-47AA-90CC-0B30FD504EED}.Debug|x64.ActiveCfg = Debug|iPhone
		{E4D6D2DE-58EA-47AA-90CC-0B30FD504EED}.Debug|x86.ActiveCfg = Debug|iPhone
		{E4D6D2DE-58EA-47AA-90CC-0B30FD504EED}.Release|Any CPU.ActiveCfg = Release|iPhone
		{E4D6D2DE-58EA-47AA-90CC-0B30FD504EED}.Release|ARM.ActiveCfg = Release|iPhone
		{E4D6D2DE-58EA-47AA-90CC-0B30FD504EED}.Release|iPhone.ActiveCfg = Release|iPhone
		{E4D6D2DE-58EA-47AA-90CC-0B30FD504EED}.Release|iPhone.Build.0 = Release|iPhone
		{E4D6D2DE-58EA-47AA-90CC-0B30FD504EED}.Release|iPhoneSimulator.ActiveCfg = Release|iPhoneSimulator
		{E4D6D2DE-58EA-47AA-90CC-0B30FD504EED}.Release|iPhoneSimulator.Build.0 = Release|iPhoneSimulator
		{E4D6D2DE-58EA-47AA-90CC-0B30FD504EED}.Release|x64.ActiveCfg = Release|iPhone
		{E4D6D2DE-58EA-47AA-90CC-0B30FD504EED}.Release|x86.ActiveCfg = Release|iPhone
		{5B33FB50-DEDC-467B-A75C-293933CD2A3E}.Ad-Hoc|Any CPU.ActiveCfg = Release|Any CPU
		{5B33FB50-DEDC-467B-A75C-293933CD2A3E}.Ad-Hoc|Any CPU.Build.0 = Release|Any CPU
		{5B33FB50-DEDC-467B-A75C-293933CD2A3E}.Ad-Hoc|Any CPU.Deploy.0 = Release|Any CPU
		{5B33FB50-DEDC-467B-A75C-293933CD2A3E}.Ad-Hoc|ARM.ActiveCfg = Release|ARM
		{5B33FB50-DEDC-467B-A75C-293933CD2A3E}.Ad-Hoc|ARM.Build.0 = Release|ARM
		{5B33FB50-DEDC-467B-A75C-293933CD2A3E}.Ad-Hoc|ARM.Deploy.0 = Release|ARM
		{5B33FB50-DEDC-467B-A75C-293933CD2A3E}.Ad-Hoc|iPhone.ActiveCfg = Release|Any CPU
		{5B33FB50-DEDC-467B-A75C-293933CD2A3E}.Ad-Hoc|iPhone.Build.0 = Release|Any CPU
		{5B33FB50-DEDC-467B-A75C-293933CD2A3E}.Ad-Hoc|iPhone.Deploy.0 = Release|Any CPU
		{5B33FB50-DEDC-467B-A75C-293933CD2A3E}.Ad-Hoc|iPhoneSimulator.ActiveCfg = Release|Any CPU
		{5B33FB50-DEDC-467B-A75C-293933CD2A3E}.Ad-Hoc|iPhoneSimulator.Build.0 = Release|Any CPU
		{5B33FB50-DEDC-467B-A75C-293933CD2A3E}.Ad-Hoc|iPhoneSimulator.Deploy.0 = Release|Any CPU
		{5B33FB50-DEDC-467B-A75C-293933CD2A3E}.Ad-Hoc|x64.ActiveCfg = Release|Any CPU
		{5B33FB50-DEDC-467B-A75C-293933CD2A3E}.Ad-Hoc|x64.Build.0 = Release|Any CPU
		{5B33FB50-DEDC-467B-A75C-293933CD2A3E}.Ad-Hoc|x64.Deploy.0 = Release|Any CPU
		{5B33FB50-DEDC-467B-A75C-293933CD2A3E}.Ad-Hoc|x86.ActiveCfg = Release|x86
		{5B33FB50-DEDC-467B-A75C-293933CD2A3E}.Ad-Hoc|x86.Build.0 = Release|x86
		{5B33FB50-DEDC-467B-A75C-293933CD2A3E}.Ad-Hoc|x86.Deploy.0 = Release|x86
		{5B33FB50-DEDC-467B-A75C-293933CD2A3E}.AppStore|Any CPU.ActiveCfg = Release|Any CPU
		{5B33FB50-DEDC-467B-A75C-293933CD2A3E}.AppStore|Any CPU.Build.0 = Release|Any CPU
		{5B33FB50-DEDC-467B-A75C-293933CD2A3E}.AppStore|Any CPU.Deploy.0 = Release|Any CPU
		{5B33FB50-DEDC-467B-A75C-293933CD2A3E}.AppStore|ARM.ActiveCfg = Release|ARM
		{5B33FB50-DEDC-467B-A75C-293933CD2A3E}.AppStore|ARM.Build.0 = Release|ARM
		{5B33FB50-DEDC-467B-A75C-293933CD2A3E}.AppStore|ARM.Deploy.0 = Release|ARM
		{5B33FB50-DEDC-467B-A75C-293933CD2A3E}.AppStore|iPhone.ActiveCfg = Release|Any CPU
		{5B33FB50-DEDC-467B-A75C-293933CD2A3E}.AppStore|iPhone.Build.0 = Release|Any CPU
		{5B33FB50-DEDC-467B-A75C-293933CD2A3E}.AppStore|iPhone.Deploy.0 = Release|Any CPU
		{5B33FB50-DEDC-467B-A75C-293933CD2A3E}.AppStore|iPhoneSimulator.ActiveCfg = Release|Any CPU
		{5B33FB50-DEDC-467B-A75C-293933CD2A3E}.AppStore|iPhoneSimulator.Build.0 = Release|Any CPU
		{5B33FB50-DEDC-467B-A75C-293933CD2A3E}.AppStore|iPhoneSimulator.Deploy.0 = Release|Any CPU
		{5B33FB50-DEDC-467B-A75C-293933CD2A3E}.AppStore|x64.ActiveCfg = Release|Any CPU
		{5B33FB50-DEDC-467B-A75C-293933CD2A3E}.AppStore|x64.Build.0 = Release|Any CPU
		{5B33FB50-DEDC-467B-A75C-293933CD2A3E}.AppStore|x64.Deploy.0 = Release|Any CPU
		{5B33FB50-DEDC-467B-A75C-293933CD2A3E}.AppStore|x86.ActiveCfg = Release|x86
		{5B33FB50-DEDC-467B-A75C-293933CD2A3E}.AppStore|x86.Build.0 = Release|x86
		{5B33FB50-DEDC-467B-A75C-293933CD2A3E}.AppStore|x86.Deploy.0 = Release|x86
		{5B33FB50-DEDC-467B-A75C-293933CD2A3E}.Debug|Any CPU.ActiveCfg = Debug|Any CPU
		{5B33FB50-DEDC-467B-A75C-293933CD2A3E}.Debug|Any CPU.Build.0 = Debug|Any CPU
		{5B33FB50-DEDC-467B-A75C-293933CD2A3E}.Debug|Any CPU.Deploy.0 = Debug|Any CPU
		{5B33FB50-DEDC-467B-A75C-293933CD2A3E}.Debug|ARM.ActiveCfg = Debug|ARM
		{5B33FB50-DEDC-467B-A75C-293933CD2A3E}.Debug|ARM.Build.0 = Debug|ARM
		{5B33FB50-DEDC-467B-A75C-293933CD2A3E}.Debug|ARM.Deploy.0 = Debug|ARM
		{5B33FB50-DEDC-467B-A75C-293933CD2A3E}.Debug|iPhone.ActiveCfg = Debug|Any CPU
		{5B33FB50-DEDC-467B-A75C-293933CD2A3E}.Debug|iPhone.Build.0 = Debug|Any CPU
		{5B33FB50-DEDC-467B-A75C-293933CD2A3E}.Debug|iPhone.Deploy.0 = Debug|Any CPU
		{5B33FB50-DEDC-467B-A75C-293933CD2A3E}.Debug|iPhoneSimulator.ActiveCfg = Debug|Any CPU
		{5B33FB50-DEDC-467B-A75C-293933CD2A3E}.Debug|iPhoneSimulator.Build.0 = Debug|Any CPU
		{5B33FB50-DEDC-467B-A75C-293933CD2A3E}.Debug|iPhoneSimulator.Deploy.0 = Debug|Any CPU
		{5B33FB50-DEDC-467B-A75C-293933CD2A3E}.Debug|x64.ActiveCfg = Debug|Any CPU
		{5B33FB50-DEDC-467B-A75C-293933CD2A3E}.Debug|x64.Build.0 = Debug|Any CPU
		{5B33FB50-DEDC-467B-A75C-293933CD2A3E}.Debug|x64.Deploy.0 = Debug|Any CPU
		{5B33FB50-DEDC-467B-A75C-293933CD2A3E}.Debug|x86.ActiveCfg = Debug|x86
		{5B33FB50-DEDC-467B-A75C-293933CD2A3E}.Debug|x86.Build.0 = Debug|x86
		{5B33FB50-DEDC-467B-A75C-293933CD2A3E}.Debug|x86.Deploy.0 = Debug|x86
		{5B33FB50-DEDC-467B-A75C-293933CD2A3E}.Release|Any CPU.ActiveCfg = Release|Any CPU
		{5B33FB50-DEDC-467B-A75C-293933CD2A3E}.Release|Any CPU.Build.0 = Release|Any CPU
		{5B33FB50-DEDC-467B-A75C-293933CD2A3E}.Release|Any CPU.Deploy.0 = Release|Any CPU
		{5B33FB50-DEDC-467B-A75C-293933CD2A3E}.Release|ARM.ActiveCfg = Release|ARM
		{5B33FB50-DEDC-467B-A75C-293933CD2A3E}.Release|ARM.Build.0 = Release|ARM
		{5B33FB50-DEDC-467B-A75C-293933CD2A3E}.Release|ARM.Deploy.0 = Release|ARM
		{5B33FB50-DEDC-467B-A75C-293933CD2A3E}.Release|iPhone.ActiveCfg = Release|Any CPU
		{5B33FB50-DEDC-467B-A75C-293933CD2A3E}.Release|iPhone.Build.0 = Release|Any CPU
		{5B33FB50-DEDC-467B-A75C-293933CD2A3E}.Release|iPhone.Deploy.0 = Release|Any CPU
		{5B33FB50-DEDC-467B-A75C-293933CD2A3E}.Release|iPhoneSimulator.ActiveCfg = Release|Any CPU
		{5B33FB50-DEDC-467B-A75C-293933CD2A3E}.Release|iPhoneSimulator.Build.0 = Release|Any CPU
		{5B33FB50-DEDC-467B-A75C-293933CD2A3E}.Release|iPhoneSimulator.Deploy.0 = Release|Any CPU
		{5B33FB50-DEDC-467B-A75C-293933CD2A3E}.Release|x64.ActiveCfg = Release|Any CPU
		{5B33FB50-DEDC-467B-A75C-293933CD2A3E}.Release|x64.Build.0 = Release|Any CPU
		{5B33FB50-DEDC-467B-A75C-293933CD2A3E}.Release|x64.Deploy.0 = Release|Any CPU
		{5B33FB50-DEDC-467B-A75C-293933CD2A3E}.Release|x86.ActiveCfg = Release|x86
		{5B33FB50-DEDC-467B-A75C-293933CD2A3E}.Release|x86.Build.0 = Release|x86
		{5B33FB50-DEDC-467B-A75C-293933CD2A3E}.Release|x86.Deploy.0 = Release|x86
		{C9B82D6E-1831-466F-A2D3-0FBC5AA5B0D0}.Ad-Hoc|Any CPU.ActiveCfg = Release|x86
		{C9B82D6E-1831-466F-A2D3-0FBC5AA5B0D0}.Ad-Hoc|Any CPU.Build.0 = Release|x86
		{C9B82D6E-1831-466F-A2D3-0FBC5AA5B0D0}.Ad-Hoc|Any CPU.Deploy.0 = Release|x86
		{C9B82D6E-1831-466F-A2D3-0FBC5AA5B0D0}.Ad-Hoc|ARM.ActiveCfg = Release|ARM
		{C9B82D6E-1831-466F-A2D3-0FBC5AA5B0D0}.Ad-Hoc|ARM.Build.0 = Release|ARM
		{C9B82D6E-1831-466F-A2D3-0FBC5AA5B0D0}.Ad-Hoc|ARM.Deploy.0 = Release|ARM
		{C9B82D6E-1831-466F-A2D3-0FBC5AA5B0D0}.Ad-Hoc|iPhone.ActiveCfg = Release|x86
		{C9B82D6E-1831-466F-A2D3-0FBC5AA5B0D0}.Ad-Hoc|iPhone.Build.0 = Release|x86
		{C9B82D6E-1831-466F-A2D3-0FBC5AA5B0D0}.Ad-Hoc|iPhone.Deploy.0 = Release|x86
		{C9B82D6E-1831-466F-A2D3-0FBC5AA5B0D0}.Ad-Hoc|iPhoneSimulator.ActiveCfg = Release|x86
		{C9B82D6E-1831-466F-A2D3-0FBC5AA5B0D0}.Ad-Hoc|iPhoneSimulator.Build.0 = Release|x86
		{C9B82D6E-1831-466F-A2D3-0FBC5AA5B0D0}.Ad-Hoc|iPhoneSimulator.Deploy.0 = Release|x86
		{C9B82D6E-1831-466F-A2D3-0FBC5AA5B0D0}.Ad-Hoc|x64.ActiveCfg = Release|x64
		{C9B82D6E-1831-466F-A2D3-0FBC5AA5B0D0}.Ad-Hoc|x64.Build.0 = Release|x64
		{C9B82D6E-1831-466F-A2D3-0FBC5AA5B0D0}.Ad-Hoc|x64.Deploy.0 = Release|x64
		{C9B82D6E-1831-466F-A2D3-0FBC5AA5B0D0}.Ad-Hoc|x86.ActiveCfg = Release|x86
		{C9B82D6E-1831-466F-A2D3-0FBC5AA5B0D0}.Ad-Hoc|x86.Build.0 = Release|x86
		{C9B82D6E-1831-466F-A2D3-0FBC5AA5B0D0}.Ad-Hoc|x86.Deploy.0 = Release|x86
		{C9B82D6E-1831-466F-A2D3-0FBC5AA5B0D0}.AppStore|Any CPU.ActiveCfg = Release|x86
		{C9B82D6E-1831-466F-A2D3-0FBC5AA5B0D0}.AppStore|Any CPU.Build.0 = Release|x86
		{C9B82D6E-1831-466F-A2D3-0FBC5AA5B0D0}.AppStore|Any CPU.Deploy.0 = Release|x86
		{C9B82D6E-1831-466F-A2D3-0FBC5AA5B0D0}.AppStore|ARM.ActiveCfg = Release|ARM
		{C9B82D6E-1831-466F-A2D3-0FBC5AA5B0D0}.AppStore|ARM.Build.0 = Release|ARM
		{C9B82D6E-1831-466F-A2D3-0FBC5AA5B0D0}.AppStore|ARM.Deploy.0 = Release|ARM
		{C9B82D6E-1831-466F-A2D3-0FBC5AA5B0D0}.AppStore|iPhone.ActiveCfg = Release|x86
		{C9B82D6E-1831-466F-A2D3-0FBC5AA5B0D0}.AppStore|iPhone.Build.0 = Release|x86
		{C9B82D6E-1831-466F-A2D3-0FBC5AA5B0D0}.AppStore|iPhone.Deploy.0 = Release|x86
		{C9B82D6E-1831-466F-A2D3-0FBC5AA5B0D0}.AppStore|iPhoneSimulator.ActiveCfg = Release|x86
		{C9B82D6E-1831-466F-A2D3-0FBC5AA5B0D0}.AppStore|iPhoneSimulator.Build.0 = Release|x86
		{C9B82D6E-1831-466F-A2D3-0FBC5AA5B0D0}.AppStore|iPhoneSimulator.Deploy.0 = Release|x86
		{C9B82D6E-1831-466F-A2D3-0FBC5AA5B0D0}.AppStore|x64.ActiveCfg = Release|x64
		{C9B82D6E-1831-466F-A2D3-0FBC5AA5B0D0}.AppStore|x64.Build.0 = Release|x64
		{C9B82D6E-1831-466F-A2D3-0FBC5AA5B0D0}.AppStore|x64.Deploy.0 = Release|x64
		{C9B82D6E-1831-466F-A2D3-0FBC5AA5B0D0}.AppStore|x86.ActiveCfg = Release|x86
		{C9B82D6E-1831-466F-A2D3-0FBC5AA5B0D0}.AppStore|x86.Build.0 = Release|x86
		{C9B82D6E-1831-466F-A2D3-0FBC5AA5B0D0}.AppStore|x86.Deploy.0 = Release|x86
		{C9B82D6E-1831-466F-A2D3-0FBC5AA5B0D0}.Debug|Any CPU.ActiveCfg = Debug|x86
		{C9B82D6E-1831-466F-A2D3-0FBC5AA5B0D0}.Debug|ARM.ActiveCfg = Debug|ARM
		{C9B82D6E-1831-466F-A2D3-0FBC5AA5B0D0}.Debug|ARM.Build.0 = Debug|ARM
		{C9B82D6E-1831-466F-A2D3-0FBC5AA5B0D0}.Debug|ARM.Deploy.0 = Debug|ARM
		{C9B82D6E-1831-466F-A2D3-0FBC5AA5B0D0}.Debug|iPhone.ActiveCfg = Debug|x86
		{C9B82D6E-1831-466F-A2D3-0FBC5AA5B0D0}.Debug|iPhoneSimulator.ActiveCfg = Debug|x86
		{C9B82D6E-1831-466F-A2D3-0FBC5AA5B0D0}.Debug|x64.ActiveCfg = Debug|x64
		{C9B82D6E-1831-466F-A2D3-0FBC5AA5B0D0}.Debug|x64.Build.0 = Debug|x64
		{C9B82D6E-1831-466F-A2D3-0FBC5AA5B0D0}.Debug|x64.Deploy.0 = Debug|x64
		{C9B82D6E-1831-466F-A2D3-0FBC5AA5B0D0}.Debug|x86.ActiveCfg = Debug|x86
		{C9B82D6E-1831-466F-A2D3-0FBC5AA5B0D0}.Debug|x86.Build.0 = Debug|x86
		{C9B82D6E-1831-466F-A2D3-0FBC5AA5B0D0}.Debug|x86.Deploy.0 = Debug|x86
		{C9B82D6E-1831-466F-A2D3-0FBC5AA5B0D0}.Release|Any CPU.ActiveCfg = Release|x86
		{C9B82D6E-1831-466F-A2D3-0FBC5AA5B0D0}.Release|ARM.ActiveCfg = Release|ARM
		{C9B82D6E-1831-466F-A2D3-0FBC5AA5B0D0}.Release|ARM.Build.0 = Release|ARM
		{C9B82D6E-1831-466F-A2D3-0FBC5AA5B0D0}.Release|ARM.Deploy.0 = Release|ARM
		{C9B82D6E-1831-466F-A2D3-0FBC5AA5B0D0}.Release|iPhone.ActiveCfg = Release|x86
		{C9B82D6E-1831-466F-A2D3-0FBC5AA5B0D0}.Release|iPhoneSimulator.ActiveCfg = Release|x86
		{C9B82D6E-1831-466F-A2D3-0FBC5AA5B0D0}.Release|x64.ActiveCfg = Release|x64
		{C9B82D6E-1831-466F-A2D3-0FBC5AA5B0D0}.Release|x64.Build.0 = Release|x64
		{C9B82D6E-1831-466F-A2D3-0FBC5AA5B0D0}.Release|x64.Deploy.0 = Release|x64
		{C9B82D6E-1831-466F-A2D3-0FBC5AA5B0D0}.Release|x86.ActiveCfg = Release|x86
		{C9B82D6E-1831-466F-A2D3-0FBC5AA5B0D0}.Release|x86.Build.0 = Release|x86
		{C9B82D6E-1831-466F-A2D3-0FBC5AA5B0D0}.Release|x86.Deploy.0 = Release|x86
		{552BFD42-99DE-4B05-8BB8-D2EBDDEABA1C}.Ad-Hoc|Any CPU.ActiveCfg = Release|Any CPU
		{552BFD42-99DE-4B05-8BB8-D2EBDDEABA1C}.Ad-Hoc|Any CPU.Build.0 = Release|Any CPU
		{552BFD42-99DE-4B05-8BB8-D2EBDDEABA1C}.Ad-Hoc|Any CPU.Deploy.0 = Release|Any CPU
		{552BFD42-99DE-4B05-8BB8-D2EBDDEABA1C}.Ad-Hoc|ARM.ActiveCfg = Release|ARM
		{552BFD42-99DE-4B05-8BB8-D2EBDDEABA1C}.Ad-Hoc|ARM.Build.0 = Release|ARM
		{552BFD42-99DE-4B05-8BB8-D2EBDDEABA1C}.Ad-Hoc|ARM.Deploy.0 = Release|ARM
		{552BFD42-99DE-4B05-8BB8-D2EBDDEABA1C}.Ad-Hoc|iPhone.ActiveCfg = Release|Any CPU
		{552BFD42-99DE-4B05-8BB8-D2EBDDEABA1C}.Ad-Hoc|iPhone.Build.0 = Release|Any CPU
		{552BFD42-99DE-4B05-8BB8-D2EBDDEABA1C}.Ad-Hoc|iPhone.Deploy.0 = Release|Any CPU
		{552BFD42-99DE-4B05-8BB8-D2EBDDEABA1C}.Ad-Hoc|iPhoneSimulator.ActiveCfg = Release|Any CPU
		{552BFD42-99DE-4B05-8BB8-D2EBDDEABA1C}.Ad-Hoc|iPhoneSimulator.Build.0 = Release|Any CPU
		{552BFD42-99DE-4B05-8BB8-D2EBDDEABA1C}.Ad-Hoc|iPhoneSimulator.Deploy.0 = Release|Any CPU
		{552BFD42-99DE-4B05-8BB8-D2EBDDEABA1C}.Ad-Hoc|x64.ActiveCfg = Release|x64
		{552BFD42-99DE-4B05-8BB8-D2EBDDEABA1C}.Ad-Hoc|x64.Build.0 = Release|x64
		{552BFD42-99DE-4B05-8BB8-D2EBDDEABA1C}.Ad-Hoc|x64.Deploy.0 = Release|x64
		{552BFD42-99DE-4B05-8BB8-D2EBDDEABA1C}.Ad-Hoc|x86.ActiveCfg = Release|x86
		{552BFD42-99DE-4B05-8BB8-D2EBDDEABA1C}.Ad-Hoc|x86.Build.0 = Release|x86
		{552BFD42-99DE-4B05-8BB8-D2EBDDEABA1C}.Ad-Hoc|x86.Deploy.0 = Release|x86
		{552BFD42-99DE-4B05-8BB8-D2EBDDEABA1C}.AppStore|Any CPU.ActiveCfg = Release|Any CPU
		{552BFD42-99DE-4B05-8BB8-D2EBDDEABA1C}.AppStore|Any CPU.Build.0 = Release|Any CPU
		{552BFD42-99DE-4B05-8BB8-D2EBDDEABA1C}.AppStore|Any CPU.Deploy.0 = Release|Any CPU
		{552BFD42-99DE-4B05-8BB8-D2EBDDEABA1C}.AppStore|ARM.ActiveCfg = Release|ARM
		{552BFD42-99DE-4B05-8BB8-D2EBDDEABA1C}.AppStore|ARM.Build.0 = Release|ARM
		{552BFD42-99DE-4B05-8BB8-D2EBDDEABA1C}.AppStore|ARM.Deploy.0 = Release|ARM
		{552BFD42-99DE-4B05-8BB8-D2EBDDEABA1C}.AppStore|iPhone.ActiveCfg = Release|Any CPU
		{552BFD42-99DE-4B05-8BB8-D2EBDDEABA1C}.AppStore|iPhone.Build.0 = Release|Any CPU
		{552BFD42-99DE-4B05-8BB8-D2EBDDEABA1C}.AppStore|iPhone.Deploy.0 = Release|Any CPU
		{552BFD42-99DE-4B05-8BB8-D2EBDDEABA1C}.AppStore|iPhoneSimulator.ActiveCfg = Release|Any CPU
		{552BFD42-99DE-4B05-8BB8-D2EBDDEABA1C}.AppStore|iPhoneSimulator.Build.0 = Release|Any CPU
		{552BFD42-99DE-4B05-8BB8-D2EBDDEABA1C}.AppStore|iPhoneSimulator.Deploy.0 = Release|Any CPU
		{552BFD42-99DE-4B05-8BB8-D2EBDDEABA1C}.AppStore|x64.ActiveCfg = Release|x64
		{552BFD42-99DE-4B05-8BB8-D2EBDDEABA1C}.AppStore|x64.Build.0 = Release|x64
		{552BFD42-99DE-4B05-8BB8-D2EBDDEABA1C}.AppStore|x64.Deploy.0 = Release|x64
		{552BFD42-99DE-4B05-8BB8-D2EBDDEABA1C}.AppStore|x86.ActiveCfg = Release|x86
		{552BFD42-99DE-4B05-8BB8-D2EBDDEABA1C}.AppStore|x86.Build.0 = Release|x86
		{552BFD42-99DE-4B05-8BB8-D2EBDDEABA1C}.AppStore|x86.Deploy.0 = Release|x86
		{552BFD42-99DE-4B05-8BB8-D2EBDDEABA1C}.Debug|Any CPU.ActiveCfg = Debug|Any CPU
		{552BFD42-99DE-4B05-8BB8-D2EBDDEABA1C}.Debug|Any CPU.Build.0 = Debug|Any CPU
		{552BFD42-99DE-4B05-8BB8-D2EBDDEABA1C}.Debug|Any CPU.Deploy.0 = Debug|Any CPU
		{552BFD42-99DE-4B05-8BB8-D2EBDDEABA1C}.Debug|ARM.ActiveCfg = Debug|ARM
		{552BFD42-99DE-4B05-8BB8-D2EBDDEABA1C}.Debug|ARM.Build.0 = Debug|ARM
		{552BFD42-99DE-4B05-8BB8-D2EBDDEABA1C}.Debug|ARM.Deploy.0 = Debug|ARM
		{552BFD42-99DE-4B05-8BB8-D2EBDDEABA1C}.Debug|iPhone.ActiveCfg = Debug|Any CPU
		{552BFD42-99DE-4B05-8BB8-D2EBDDEABA1C}.Debug|iPhone.Build.0 = Debug|Any CPU
		{552BFD42-99DE-4B05-8BB8-D2EBDDEABA1C}.Debug|iPhone.Deploy.0 = Debug|Any CPU
		{552BFD42-99DE-4B05-8BB8-D2EBDDEABA1C}.Debug|iPhoneSimulator.ActiveCfg = Debug|Any CPU
		{552BFD42-99DE-4B05-8BB8-D2EBDDEABA1C}.Debug|iPhoneSimulator.Build.0 = Debug|Any CPU
		{552BFD42-99DE-4B05-8BB8-D2EBDDEABA1C}.Debug|iPhoneSimulator.Deploy.0 = Debug|Any CPU
		{552BFD42-99DE-4B05-8BB8-D2EBDDEABA1C}.Debug|x64.ActiveCfg = Debug|x64
		{552BFD42-99DE-4B05-8BB8-D2EBDDEABA1C}.Debug|x64.Build.0 = Debug|x64
		{552BFD42-99DE-4B05-8BB8-D2EBDDEABA1C}.Debug|x64.Deploy.0 = Debug|x64
		{552BFD42-99DE-4B05-8BB8-D2EBDDEABA1C}.Debug|x86.ActiveCfg = Debug|x86
		{552BFD42-99DE-4B05-8BB8-D2EBDDEABA1C}.Debug|x86.Build.0 = Debug|x86
		{552BFD42-99DE-4B05-8BB8-D2EBDDEABA1C}.Debug|x86.Deploy.0 = Debug|x86
		{552BFD42-99DE-4B05-8BB8-D2EBDDEABA1C}.Release|Any CPU.ActiveCfg = Release|Any CPU
		{552BFD42-99DE-4B05-8BB8-D2EBDDEABA1C}.Release|Any CPU.Build.0 = Release|Any CPU
		{552BFD42-99DE-4B05-8BB8-D2EBDDEABA1C}.Release|Any CPU.Deploy.0 = Release|Any CPU
		{552BFD42-99DE-4B05-8BB8-D2EBDDEABA1C}.Release|ARM.ActiveCfg = Release|ARM
		{552BFD42-99DE-4B05-8BB8-D2EBDDEABA1C}.Release|ARM.Build.0 = Release|ARM
		{552BFD42-99DE-4B05-8BB8-D2EBDDEABA1C}.Release|ARM.Deploy.0 = Release|ARM
		{552BFD42-99DE-4B05-8BB8-D2EBDDEABA1C}.Release|iPhone.ActiveCfg = Release|Any CPU
		{552BFD42-99DE-4B05-8BB8-D2EBDDEABA1C}.Release|iPhone.Build.0 = Release|Any CPU
		{552BFD42-99DE-4B05-8BB8-D2EBDDEABA1C}.Release|iPhone.Deploy.0 = Release|Any CPU
		{552BFD42-99DE-4B05-8BB8-D2EBDDEABA1C}.Release|iPhoneSimulator.ActiveCfg = Release|Any CPU
		{552BFD42-99DE-4B05-8BB8-D2EBDDEABA1C}.Release|iPhoneSimulator.Build.0 = Release|Any CPU
		{552BFD42-99DE-4B05-8BB8-D2EBDDEABA1C}.Release|iPhoneSimulator.Deploy.0 = Release|Any CPU
		{552BFD42-99DE-4B05-8BB8-D2EBDDEABA1C}.Release|x64.ActiveCfg = Release|x64
		{552BFD42-99DE-4B05-8BB8-D2EBDDEABA1C}.Release|x64.Build.0 = Release|x64
		{552BFD42-99DE-4B05-8BB8-D2EBDDEABA1C}.Release|x64.Deploy.0 = Release|x64
		{552BFD42-99DE-4B05-8BB8-D2EBDDEABA1C}.Release|x86.ActiveCfg = Release|x86
		{552BFD42-99DE-4B05-8BB8-D2EBDDEABA1C}.Release|x86.Build.0 = Release|x86
		{552BFD42-99DE-4B05-8BB8-D2EBDDEABA1C}.Release|x86.Deploy.0 = Release|x86
	EndGlobalSection
	GlobalSection(SolutionProperties) = preSolution
		HideSolutionNode = FALSE
	EndGlobalSection
EndGlobal
